Microsoft Visual Studio Solution File, Format Version 12.00
# Visual Studio 2012
Project("{FAE04EC0-301F-11D3-BF4B-00C04F79EFBC}") = "Watch for Rolling Rocks", "Watch for Rolling Rocks.csproj", "{9139DA6E-8B52-4FDB-AEC1-C8A4D43CF210}"
EndProject
Global
	GlobalSection(SolutionConfigurationPlatforms) = preSolution
	Debug|Any CPU = Debug|Any CPU
	ExportDebug|Any CPU = ExportDebug|Any CPU
	ExportRelease|Any CPU = ExportRelease|Any CPU
	EndGlobalSection
	GlobalSection(ProjectConfigurationPlatforms) = postSolution
		{9139DA6E-8B52-4FDB-AEC1-C8A4D43CF210}.Debug|Any CPU.ActiveCfg = Debug|Any CPU
		{9139DA6E-8B52-4FDB-AEC1-C8A4D43CF210}.Debug|Any CPU.Build.0 = Debug|Any CPU
		{9139DA6E-8B52-4FDB-AEC1-C8A4D43CF210}.ExportDebug|Any CPU.ActiveCfg = ExportDebug|Any CPU
		{9139DA6E-8B52-4FDB-AEC1-C8A4D43CF210}.ExportDebug|Any CPU.Build.0 = ExportDebug|Any CPU
		{9139DA6E-8B52-4FDB-AEC1-C8A4D43CF210}.ExportRelease|Any CPU.ActiveCfg = ExportRelease|Any CPU
		{9139DA6E-8B52-4FDB-AEC1-C8A4D43CF210}.ExportRelease|Any CPU.Build.0 = ExportRelease|Any CPU
	EndGlobalSection
EndGlobal
